// !$*UTF8*$!
{
	archiveVersion = 1;
	classes = {
	};
	objectVersion = 46;
	objects = {

/* Begin PBXBuildFile section */
		DE17E8631ED986220015F406 /* AppDelegate.swift in Sources */ = {isa = PBXBuildFile; fileRef = DE17E8621ED986220015F406 /* AppDelegate.swift */; };
		DE17E8651ED986220015F406 /* ViewController.swift in Sources */ = {isa = PBXBuildFile; fileRef = DE17E8641ED986220015F406 /* ViewController.swift */; };
		DE17E8681ED986220015F406 /* Main.storyboard in Resources */ = {isa = PBXBuildFile; fileRef = DE17E8661ED986220015F406 /* Main.storyboard */; };
		DE17E86A1ED986220015F406 /* Assets.xcassets in Resources */ = {isa = PBXBuildFile; fileRef = DE17E8691ED986220015F406 /* Assets.xcassets */; };
		DE17E86D1ED986220015F406 /* LaunchScreen.storyboard in Resources */ = {isa = PBXBuildFile; fileRef = DE17E86B1ED986220015F406 /* LaunchScreen.storyboard */; };
/* End PBXBuildFile section */

/* Begin PBXFileReference section */
		DE17E85F1ED986220015F406 /* Music 2 Version 1.1.app */ = {isa = PBXFileReference; explicitFileType = wrapper.application; includeInIndex = 0; path = "Music 2 Version 1.1.app"; sourceTree = BUILT_PRODUCTS_DIR; };
		DE17E8621ED986220015F406 /* AppDelegate.swift */ = {isa = PBXFileReference; lastKnownFileType = sourcecode.swift; path = AppDelegate.swift; sourceTree = "<group>"; };
		DE17E8641ED986220015F406 /* ViewController.swift */ = {isa = PBXFileReference; lastKnownFileType = sourcecode.swift; path = ViewController.swift; sourceTree = "<group>"; };
		DE17E8671ED986220015F406 /* Base */ = {isa = PBXFileReference; lastKnownFileType = file.storyboard; name = Base; path = Base.lproj/Main.storyboard; sourceTree = "<group>"; };
		DE17E8691ED986220015F406 /* Assets.xcassets */ = {isa = PBXFileReference; lastKnownFileType = folder.assetcatalog; path = Assets.xcassets; sourceTree = "<group>"; };
		DE17E86C1ED986220015F406 /* Base */ = {isa = PBXFileReference; lastKnownFileType = file.storyboard; name = Base; path = Base.lproj/LaunchScreen.storyboard; sourceTree = "<group>"; };
		DE17E86E1ED986220015F406 /* Info.plist */ = {isa = PBXFileReference; lastKnownFileType = text.plist.xml; path = Info.plist; sourceTree = "<group>"; };
/* End PBXFileReference section */

/* Begin PBXFrameworksBuildPhase section */
		DE17E85C1ED986220015F406 /* Frameworks */ = {
			isa = PBXFrameworksBuildPhase;
			buildActionMask = 2147483647;
			files = (
			);
			runOnlyForDeploymentPostprocessing = 0;
		};
/* End PBXFrameworksBuildPhase section */

/* Begin PBXGroup section */
		DE17E8561ED986220015F406 = {
			isa = PBXGroup;
			children = (
				DE17E8611ED986220015F406 /* Music 2 Version 1.1 */,
				DE17E8601ED986220015F406 /* Products */,
			);
			sourceTree = "<group>";
		};
		DE17E8601ED986220015F406 /* Products */ = {
			isa = PBXGroup;
			children = (
				DE17E85F1ED986220015F406 /* Music 2 Version 1.1.app */,
			);
			name = Products;
			sourceTree = "<group>";
		};
		DE17E8611ED986220015F406 /* Music 2 Version 1.1 */ = {
			isa = PBXGroup;
			children = (
				DE17E8621ED986220015F406 /* AppDelegate.swift */,
				DE17E8641ED986220015F406 /* ViewController.swift */,
				DE17E8661ED986220015F406 /* Main.storyboard */,
				DE17E8691ED986220015F406 /* Assets.xcassets */,
				DE17E86B1ED986220015F406 /* LaunchScreen.storyboard */,
				DE17E86E1ED986220015F406 /* Info.plist */,
			);
			path = "Music 2 Version 1.1";
			sourceTree = "<group>";
		};
/* End PBXGroup section */

/* Begin PBXNativeTarget section */
		DE17E85E1ED986220015F406 /* Music 2 Version 1.1 */ = {
			isa = PBXNativeTarget;
			buildConfigurationList = DE17E8711ED986220015F406 /* Build configuration list for PBXNativeTarget "Music 2 Version 1.1" */;
			buildPhases = (
				DE17E85B1ED986220015F406 /* Sources */,
				DE17E85C1ED986220015F406 /* Frameworks */,
				DE17E85D1ED986220015F406 /* Resources */,
			);
			buildRules = (
			);
			dependencies = (
			);
			name = "Music 2 Version 1.1";
			productName = "Music 2 Version 1.1";
			productReference = DE17E85F1ED986220015F406 /* Music 2 Version 1.1.app */;
			productType = "com.apple.product-type.application";
		};
/* End PBXNativeTarget section */

/* Begin PBXProject section */
		DE17E8571ED986220015F406 /* Project object */ = {
			isa = PBXProject;
			attributes = {
				LastSwiftUpdateCheck = 0820;
				LastUpgradeCheck = 0820;
				ORGANIZATIONNAME = Viet;
				TargetAttributes = {
					DE17E85E1ED986220015F406 = {
						CreatedOnToolsVersion = 8.2.1;
						ProvisioningStyle = Automatic;
					};
				};
			};
			buildConfigurationList = DE17E85A1ED986220015F406 /* Build configuration list for PBXProject "Music 2 Version 1.1" */;
			compatibilityVersion = "Xcode 3.2";
			developmentRegion = English;
			hasScannedForEncodings = 0;
			knownRegions = (
				en,
				Base,
			);
			mainGroup = DE17E8561ED986220015F406;
			productRefGroup = DE17E8601ED986220015F406 /* Products */;
			projectDirPath = "";
			projectRoot = "";
			targets = (
				DE17E85E1ED986220015F406 /* Music 2 Version 1.1 */,
			);
		};
/* End PBXProject section */

/* Begin PBXResourcesBuildPhase section */
		DE17E85D1ED986220015F406 /* Resources */ = {
			isa = PBXResourcesBuildPhase;
			buildActionMask = 2147483647;
			files = (
				DE17E86D1ED986220015F406 /* LaunchScreen.storyboard in Resources */,
				DE17E86A1ED986220015F406 /* Assets.xcassets in Resources */,
				DE17E8681ED986220015F406 /* Main.storyboard in Resources */,
			);
			runOnlyForDeploymentPostprocessing = 0;
		};
/* End PBXResourcesBuildPhase section */

/* Begin PBXSourcesBuildPhase section */
		DE17E85B1ED986220015F406 /* Sources */ = {
			isa = PBXSourcesBuildPhase;
			buildActionMask = 2147483647;
			files = (
				DE17E8651ED986220015F406 /* ViewController.swift in Sources */,
				DE17E8631ED986220015F406 /* AppDelegate.swift in Sources */,
			);
			runOnlyForDeploymentPostprocessing = 0;
		};
/* End PBXSourcesBuildPhase section */

/* Begin PBXVariantGroup section */
		DE17E8661ED986220015F406 /* Main.storyboard */ = {
			isa = PBXVariantGroup;
			children = (
				DE17E8671ED986220015F406 /* Base */,
			);
			name = Main.storyboard;
			sourceTree = "<group>";
		};
		DE17E86B1ED986220015F406 /* LaunchScreen.storyboard */ = {
			isa = PBXVariantGroup;
			children = (
				DE17E86C1ED986220015F406 /* Base */,
			);
			name = LaunchScreen.storyboard;
			sourceTree = "<group>";
		};
/* End PBXVariantGroup section */

/* Begin XCBuildConfiguration section */
		DE17E86F1ED986220015F406 /* Debug */ = {
			isa = XCBuildConfiguration;
			buildSettings = {
				ALWAYS_SEARCH_USER_PATHS = NO;
				CLANG_ANALYZER_NONNULL = YES;
				CLANG_CXX_LANGUAGE_STANDARD = "gnu++0x";
				CLANG_CXX_LIBRARY = "libc++";
				CLANG_ENABLE_MODULES = YES;
				CLANG_ENABLE_OBJC_ARC = YES;
				CLANG_WARN_BOOL_CONVERSION = YES;
				CLANG_WARN_CONSTANT_CONVERSION = YES;
				CLANG_WARN_DIRECT_OBJC_ISA_USAGE = YES_ERROR;
				CLANG_WARN_DOCUMENTATION_COMMENTS = YES;
				CLANG_WARN_EMPTY_BODY = YES;
				CLANG_WARN_ENUM_CONVERSION = YES;
				CLANG_WARN_INFINITE_RECURSION = YES;
				CLANG_WARN_INT_CONVERSION = YES;
				CLANG_WARN_OBJC_ROOT_CLASS = YES_ERROR;
				CLANG_WARN_SUSPICIOUS_MOVE = YES;
				CLANG_WARN_UNREACHABLE_CODE = YES;
				CLANG_WARN__DUPLICATE_METHOD_MATCH = YES;
				"CODE_SIGN_IDENTITY[sdk=iphoneos*]" = "iPhone Developer";
				COPY_PHASE_STRIP = NO;
				DEBUG_INFORMATION_FORMAT = dwarf;
				ENABLE_STRICT_OBJC_MSGSEND = YES;
				ENABLE_TESTABILITY = YES;
				GCC_C_LANGUAGE_STANDARD = gnu99;
				GCC_DYNAMIC_NO_PIC = NO;
				GCC_NO_COMMON_BLOCKS = YES;
				GCC_OPTIMIZATION_LEVEL = 0;
				GCC_PREPROCESSOR_DEFINITIONS = (
					"DEBUG=1",
					"$(inherited)",
				);
				GCC_WARN_64_TO_32_BIT_CONVERSION = YES;
				GCC_WARN_ABOUT_RETURN_TYPE = YES_ERROR;
				GCC_WARN_UNDECLARED_SELECTOR = YES;
				GCC_WARN_UNINITIALIZED_AUTOS = YES_AGGRESSIVE;
				GCC_WARN_UNUSED_FUNCTION = YES;
				GCC_WARN_UNUSED_VARIABLE = YES;
				IPHONEOS_DEPLOYMENT_TARGET = 10.2;
				MTL_ENABLE_DEBUG_INFO = YES;
				ONLY_ACTIVE_ARCH = YES;
				SDKROOT = iphoneos;
				SWIFT_ACTIVE_COMPILATION_CONDITIONS = DEBUG;
				SWIFT_OPTIMIZATION_LEVEL = "-Onone";
				TARGETED_DEVICE_FAMILY = "1,2";
			};
			name = Debug;
		};
		DE17E8701ED986220015F406 /* Release */ = {
			isa = XCBuildConfiguration;
			buildSettings = {
				ALWAYS_SEARCH_USER_PATHS = NO;
				CLANG_ANALYZER_NONNULL = YES;
				CLANG_CXX_LANGUAGE_STANDARD = "gnu++0x";
				CLANG_CXX_LIBRARY = "libc++";
				CLANG_ENABLE_MODULES = YES;
				CLANG_ENABLE_OBJC_ARC = YES;
				CLANG_WARN_BOOL_CONVERSION = YES;
				CLANG_WARN_CONSTANT_CONVERSION = YES;
				CLANG_WARN_DIRECT_OBJC_ISA_USAGE = YES_ERROR;
				CLANG_WARN_DOCUMENTATION_COMMENTS = YES;
				CLANG_WARN_EMPTY_BODY = YES;
				CLANG_WARN_ENUM_CONVERSION = YES;
				CLANG_WARN_INFINITE_RECURSION = YES;
				CLANG_WARN_INT_CONVERSION = YES;
				CLANG_WARN_OBJC_ROOT_CLASS = YES_ERROR;
				CLANG_WARN_SUSPICIOUS_MOVE = YES;
				CLANG_WARN_UNREACHABLE_CODE = YES;
				CLANG_WARN__DUPLICATE_METHOD_MATCH = YES;
				"CODE_SIGN_IDENTITY[sdk=iphoneos*]" = "iPhone Developer";
				COPY_PHASE_STRIP = NO;
				DEBUG_INFORMATION_FORMAT = "dwarf-with-dsym";
				ENABLE_NS_ASSERTIONS = NO;
				ENABLE_STRICT_OBJC_MSGSEND = YES;
				GCC_C_LANGUAGE_STANDARD = gnu99;
				GCC_NO_COMMON_BLOCKS = YES;
				GCC_WARN_64_TO_32_BIT_CONVERSION = YES;
				GCC_WARN_ABOUT_RETURN_TYPE = YES_ERROR;
				GCC_WARN_UNDECLARED_SELECTOR = YES;
				GCC_WARN_UNINITIALIZED_AUTOS = YES_AGGRESSIVE;
				GCC_WARN_UNUSED_FUNCTION = YES;
				GCC_WARN_UNUSED_VARIABLE = YES;
				IPHONEOS_DEPLOYMENT_TARGET = 10.2;
				MTL_ENABLE_DEBUG_INFO = NO;
				SDKROOT = iphoneos;
				SWIFT_OPTIMIZATION_LEVEL = "-Owholemodule";
				TARGETED_DEVICE_FAMILY = "1,2";
				VALIDATE_PRODUCT = YES;
			};
			name = Release;
		};
		DE17E8721ED986220015F406 /* Debug */ = {
			isa = XCBuildConfiguration;
			buildSettings = {
				ASSETCATALOG_COMPILER_APPICON_NAME = AppIcon;
				INFOPLIST_FILE = "Music 2 Version 1.1/Info.plist";
				LD_RUNPATH_SEARCH_PATHS = "$(inherited) @executable_path/Frameworks";
				PRODUCT_BUNDLE_IDENTIFIER = "Viet-s-Lab.Music-2-Version-1-1";
				PRODUCT_NAME = "$(TARGET_NAME)";
				SWIFT_VERSION = 3.0;
			};
			name = Debug;
		};
		DE17E8731ED986220015F406 /* Release */ = {
			isa = XCBuildConfiguration;
			buildSettings = {
				ASSETCATALOG_COMPILER_APPICON_NAME = AppIcon;
				INFOPLIST_FILE = "Music 2 Version 1.1/Info.plist";
				LD_RUNPATH_SEARCH_PATHS = "$(inherited) @executable_path/Frameworks";
				PRODUCT_BUNDLE_IDENTIFIER = "Viet-s-Lab.Music-2-Version-1-1";
				PRODUCT_NAME = "$(TARGET_NAME)";
				SWIFT_VERSION = 3.0;
			};
			name = Release;
		};
/* End XCBuildConfiguration section */

/* Begin XCConfigurationList section */
		DE17E85A1ED986220015F406 /* Build configuration list for PBXProject "Music 2 Version 1.1" */ = {
			isa = XCConfigurationList;
			buildConfigurations = (
				DE17E86F1ED986220015F406 /* Debug */,
				DE17E8701ED986220015F406 /* Release */,
			);
			defaultConfigurationIsVisible = 0;
			defaultConfigurationName = Release;
		};
		DE17E8711ED986220015F406 /* Build configuration list for PBXNativeTarget "Music 2 Version 1.1" */ = {
			isa = XCConfigurationList;
			buildConfigurations = (
				DE17E8721ED986220015F406 /* Debug */,
				DE17E8731ED986220015F406 /* Release */,
			);
			defaultConfigurationIsVisible = 0;
		};
/* End XCConfigurationList section */
	};
	rootObject = DE17E8571ED986220015F406 /* Project object */;
}
